
Microsoft Visual Studio Solution File, Format Version 12.00
# Visual Studio Version 16
VisualStudioVersion = 16.0.33529.622
MinimumVisualStudioVersion = 10.0.40219.1
Project("{FAE04EC0-301F-11D3-BF4B-00C04F79EFBC}") = "CarParkAutomation", "WindowsFormsAppnetfreamwork\CarParkAutomation.csproj", "{CFC14DD9-4F8F-47F8-A4C7-5D70DAF716E6}"
EndProject
Global
	GlobalSection(SolutionConfigurationPlatforms) = preSolution
		Debug|Any CPU = Debug|Any CPU
		Release|Any CPU = Release|Any CPU
	EndGlobalSection
	GlobalSection(ProjectConfigurationPlatforms) = postSolution
		{CFC14DD9-4F8F-47F8-A4C7-5D70DAF716E6}.Debug|Any CPU.ActiveCfg = Debug|Any CPU
		{CFC14DD9-4F8F-47F8-A4C7-5D70DAF716E6}.Debug|Any CPU.Build.0 = Debug|Any CPU
		{CFC14DD9-4F8F-47F8-A4C7-5D70DAF716E6}.Release|Any CPU.ActiveCfg = Release|Any CPU
		{CFC14DD9-4F8F-47F8-A4C7-5D70DAF716E6}.Release|Any CPU.Build.0 = Release|Any CPU
	EndGlobalSection
	GlobalSection(SolutionProperties) = preSolution
		HideSolutionNode = FALSE
	EndGlobalSection
	GlobalSection(ExtensibilityGlobals) = postSolution
		SolutionGuid = {239D47A8-F890-4624-BFB6-FDB485754532}
	EndGlobalSection
EndGlobal
